{
  "name": "foundryvtt-oidc-shim",
  "version": "0.1.0",
  "lockfileVersion": 3,
  "requires": true,
  "packages": {
    "": {
      "name": "foundryvtt-oidc-shim",
      "version": "0.1.0",
      "license": "MIT",
      "dependencies": {
        "openid-client": "^6.8.3"
      }
    },
    "node_modules/jose": {
      "version": "6.2.2",
      "resolved": "https://registry.npmjs.org/jose/-/jose-6.2.2.tgz",
      "integrity": "sha512-d7kPDd34KO/YnzaDOlikGpOurfF0ByC2sEV4cANCtdqLlTfBlw2p14O/5d/zv40gJPbIQxfES3nSx1/oYNyuZQ==",
      "funding": {
        "url": "https://github.com/sponsors/panva"
      }
    },
    "node_modules/oauth4webapi": {
      "version": "3.8.5",
      "resolved": "https://registry.npmjs.org/oauth4webapi/-/oauth4webapi-3.8.5.tgz",
      "integrity": "sha512-A8jmyUckVhRJj5lspguklcl90Ydqk61H3dcU0oLhH3Yv13KpAliKTt5hknpGGPZSSfOwGyraNEFmofDYH+1kSg==",
      "funding": {
        "url": "https://github.com/sponsors/panva"
      }
    },
    "node_modules/openid-client": {
      "version": "6.8.3",
      "resolved": "https://registry.npmjs.org/openid-client/-/openid-client-6.8.3.tgz",
      "integrity": "sha512-AoY/NaN9esS3+xvHInFSK0g3skSfeE0uqQAKRj4rB6/GsBIvzwTUaYo9+HcqpKIaP0dP85p5W07hayKgS4GAeA==",
      "dependencies": {
        "jose": "^6.2.2",
        "oauth4webapi": "^3.8.5"
      },
      "funding": {
        "url": "https://github.com/sponsors/panva"
      }
    }
  }
}
